
Microsoft Visual Studio Solution File, Format Version 12.00
# Visual Studio Version 16
VisualStudioVersion = 16.0.30907.101
MinimumVisualStudioVersion = 10.0.40219.1
Project("{FAE04EC0-301F-11D3-BF4B-00C04F79EFBC}") = "XYZ Institute", "XYZ Institute\XYZ Institute.csproj", "{3C6F33E3-8158-468C-BECC-C196126DE8A0}"
EndProject
Global
	GlobalSection(SolutionConfigurationPlatforms) = preSolution
		Debug|Any CPU = Debug|Any CPU
		Release|Any CPU = Release|Any CPU
	EndGlobalSection
	GlobalSection(ProjectConfigurationPlatforms) = postSolution
		{3C6F33E3-8158-468C-BECC-C196126DE8A0}.Debug|Any CPU.ActiveCfg = Debug|Any CPU
		{3C6F33E3-8158-468C-BECC-C196126DE8A0}.Debug|Any CPU.Build.0 = Debug|Any CPU
		{3C6F33E3-8158-468C-BECC-C196126DE8A0}.Release|Any CPU.ActiveCfg = Release|Any CPU
		{3C6F33E3-8158-468C-BECC-C196126DE8A0}.Release|Any CPU.Build.0 = Release|Any CPU
	EndGlobalSection
	GlobalSection(SolutionProperties) = preSolution
		HideSolutionNode = FALSE
	EndGlobalSection
	GlobalSection(ExtensibilityGlobals) = postSolution
		SolutionGuid = {F2A9FBF2-554C-44B7-9D2D-FADE11BE1A9C}
	EndGlobalSection
EndGlobal
